# This is a Gradle generated file for dependency locking.
# Manual edits can break the build and are not advised.
# This file is expected to be part of source control.
agorapulse.libs:groovy-aws-sdk-ses:1.2.3=runtimeClasspath
agorapulse.libs:groovy-aws-sdk-util:1.2.3=runtimeClasspath
aopalliance:aopalliance:1.0=runtimeClasspath
ch.qos.logback:logback-classic:1.2.11=runtimeClasspath
ch.qos.logback:logback-core:1.2.11=runtimeClasspath
com.amazonaws:aws-java-sdk-bom:1.12.382=console,runtimeClasspath
com.amazonaws:aws-java-sdk-cognitoidentity:1.12.609=runtimeClasspath
com.amazonaws:aws-java-sdk-core:1.12.681=runtimeClasspath
com.amazonaws:aws-java-sdk-kms:1.12.609=runtimeClasspath
com.amazonaws:aws-java-sdk-s3:1.12.609=runtimeClasspath
com.amazonaws:aws-java-sdk-ses:1.12.609=runtimeClasspath
com.amazonaws:aws-java-sdk-sns:1.12.609=runtimeClasspath
com.amazonaws:aws-java-sdk-sqs:1.12.609=runtimeClasspath
com.amazonaws:aws-java-sdk-ssm:1.12.609=runtimeClasspath
com.amazonaws:aws-java-sdk-sts:1.12.490=runtimeClasspath
com.amazonaws:jmespath-java:1.12.609=runtimeClasspath
com.azure:azure-sdk-bom:1.2.9=console,runtimeClasspath
com.bertramlabs.plugins:asset-pipeline-core:3.4.7=runtimeClasspath
com.bertramlabs.plugins:asset-pipeline-grails:3.4.7=runtimeClasspath
com.beust:jcommander:1.78=runtimeClasspath
com.fasterxml.jackson.core:jackson-annotations:2.13.5=console,runtimeClasspath
com.fasterxml.jackson.core:jackson-core:2.13.5=console,runtimeClasspath
com.fasterxml.jackson.core:jackson-databind:2.13.5=console,runtimeClasspath
com.fasterxml.jackson.dataformat:jackson-dataformat-cbor:2.13.5=runtimeClasspath
com.fasterxml.jackson.dataformat:jackson-dataformat-csv:2.13.5=runtimeClasspath
com.fasterxml.jackson.dataformat:jackson-dataformat-yaml:2.13.5=runtimeClasspath
com.fasterxml.jackson.datatype:jackson-datatype-guava:2.13.5=runtimeClasspath
com.fasterxml.jackson.datatype:jackson-datatype-jdk8:2.13.5=console,runtimeClasspath
com.fasterxml.jackson.datatype:jackson-datatype-jsr310:2.13.5=console,runtimeClasspath
com.fasterxml.jackson.module:jackson-module-kotlin:2.13.5=runtimeClasspath
com.fasterxml.jackson:jackson-bom:2.14.0=console,runtimeClasspath
com.fasterxml:classmate:1.5.1=runtimeClasspath
com.github.ben-manes.caffeine:caffeine:2.9.3=console,runtimeClasspath
com.github.javaparser:javaparser-core:3.24.2=runtimeClasspath
com.github.maricn:logback-slack-appender:1.6.1=runtimeClasspath
com.github.stephenc.jcip:jcip-annotations:1.0-1=runtimeClasspath
com.google.code.findbugs:jsr305:3.0.2=runtimeClasspath
com.google.code.gson:gson:2.11.0=runtimeClasspath
com.google.errorprone:error_prone_annotations:2.10.0=console
com.google.errorprone:error_prone_annotations:2.27.0=runtimeClasspath
com.google.guava:failureaccess:1.0.2=runtimeClasspath
com.google.guava:guava:33.2.1-jre=runtimeClasspath
com.google.guava:listenablefuture:9999.0-empty-to-avoid-conflict-with-guava=runtimeClasspath
com.google.http-client:google-http-client-jackson2:1.44.1=runtimeClasspath
com.google.http-client:google-http-client:1.44.1=runtimeClasspath
com.google.inject.extensions:guice-multibindings:4.1.0=runtimeClasspath
com.google.inject:guice:5.1.0=runtimeClasspath
com.google.j2objc:j2objc-annotations:2.8=runtimeClasspath
com.google.protobuf:protobuf-bom:3.21.12=console,runtimeClasspath
com.google.protobuf:protobuf-java:3.25.1=runtimeClasspath
com.googlecode.concurrentlinkedhashmap:concurrentlinkedhashmap-lru:1.4.2=runtimeClasspath
com.h2database:h2:2.3.230=runtimeClasspath
com.lowagie:itext:2.1.7=runtimeClasspath
com.mchange:c3p0:0.10.1=runtimeClasspath
com.mchange:mchange-commons-java:0.3.1=runtimeClasspath
com.nimbusds:nimbus-jose-jwt:9.25.6=runtimeClasspath
com.oracle.coherence.ce:coherence-bom:22.06.2=console,runtimeClasspath
com.sun.activation:javax.activation:1.2.0=runtimeClasspath
com.sun.mail:javax.mail:1.6.2=runtimeClasspath
com.thoughtworks.qdox:qdox:1.12.1=runtimeClasspath
com.zaxxer:HikariCP:5.1.0=runtimeClasspath
commons-beanutils:commons-beanutils:1.9.4=runtimeClasspath
commons-codec:commons-codec:1.15=runtimeClasspath
commons-collections:commons-collections:3.2.2=runtimeClasspath
commons-configuration:commons-configuration:1.10=runtimeClasspath
commons-fileupload:commons-fileupload:1.5=runtimeClasspath
commons-io:commons-io:2.16.1=runtimeClasspath
commons-lang:commons-lang:2.6=runtimeClasspath
commons-logging:commons-logging:1.2=runtimeClasspath
commons-validator:commons-validator:1.7=runtimeClasspath
gradle.plugin.com.github.erdi.webdriver-binaries:webdriver-binaries-gradle-plugin:2.4=runtimeClasspath
info.picocli:picocli:4.6.3=runtimeClasspath
io.github.msalaslo:flying-saucer-core:9.1.20=runtimeClasspath
io.github.msalaslo:flying-saucer-pdf:9.1.20=runtimeClasspath
io.grpc:grpc-api:1.60.1=runtimeClasspath
io.grpc:grpc-bom:1.51.1=console,runtimeClasspath
io.grpc:grpc-context:1.60.1=runtimeClasspath
io.ktor:ktor-bom:1.6.8=console,runtimeClasspath
io.lettuce:lettuce-core:6.1.10.RELEASE=runtimeClasspath
io.micrometer:micrometer-bom:1.13.2=console,runtimeClasspath
io.micrometer:micrometer-commons:1.13.2=runtimeClasspath
io.micrometer:micrometer-core:1.13.2=runtimeClasspath
io.micrometer:micrometer-observation:1.13.2=runtimeClasspath
io.micrometer:micrometer-registry-prometheus:1.13.2=runtimeClasspath
io.micrometer:micrometer-registry-statsd:1.13.2=runtimeClasspath
io.micronaut.aws:micronaut-aws-bom:3.10.5=console,runtimeClasspath
io.micronaut.azure:micronaut-azure-bom:3.7.1=console,runtimeClasspath
io.micronaut.beanvalidation:micronaut-hibernate-validator-bom:3.3.0=console,runtimeClasspath
io.micronaut.cache:micronaut-cache-bom:3.5.0=console,runtimeClasspath
io.micronaut.cache:micronaut-cache-core:3.5.0=console,runtimeClasspath
io.micronaut.coherence:micronaut-coherence-bom:3.7.2=console,runtimeClasspath
io.micronaut.crac:micronaut-crac-bom:1.1.1=console,runtimeClasspath
io.micronaut.data:micronaut-data-bom:3.9.6=console,runtimeClasspath
io.micronaut.email:micronaut-email-bom:1.5.0=console,runtimeClasspath
io.micronaut.flyway:micronaut-flyway-bom:5.4.1=console,runtimeClasspath
io.micronaut.gcp:micronaut-gcp-bom:4.8.0=console,runtimeClasspath
io.micronaut.groovy:micronaut-groovy-bom:3.4.0=console,runtimeClasspath
io.micronaut.grpc:micronaut-grpc-bom:3.5.0=console,runtimeClasspath
io.micronaut.jaxrs:micronaut-jaxrs-bom:3.4.0=console,runtimeClasspath
io.micronaut.jmx:micronaut-jmx-bom:3.2.0=console,runtimeClasspath
io.micronaut.kafka:micronaut-kafka-bom:4.5.1=console,runtimeClasspath
io.micronaut.kotlin:micronaut-kotlin-bom:3.2.2=console,runtimeClasspath
io.micronaut.kubernetes:micronaut-kubernetes-bom:3.4.0=console,runtimeClasspath
io.micronaut.liquibase:micronaut-liquibase-bom:5.6.0=console,runtimeClasspath
io.micronaut.micrometer:micronaut-micrometer-bom:4.7.2=console,runtimeClasspath
io.micronaut.microstream:micronaut-microstream-bom:1.3.0=console,runtimeClasspath
io.micronaut.mongodb:micronaut-mongo-bom:4.6.0=console,runtimeClasspath
io.micronaut.mqtt:micronaut-mqtt-bom:2.3.0=console,runtimeClasspath
io.micronaut.objectstorage:micronaut-object-storage-bom:1.1.0=console,runtimeClasspath
io.micronaut.openapi:micronaut-openapi-bom:4.8.4=console,runtimeClasspath
io.micronaut.oraclecloud:micronaut-oraclecloud-bom:2.3.4=console,runtimeClasspath
io.micronaut.picocli:micronaut-picocli-bom:4.3.0=console,runtimeClasspath
io.micronaut.problem:micronaut-problem-json-bom:2.6.0=console,runtimeClasspath
io.micronaut.r2dbc:micronaut-r2dbc-bom:4.0.0=console,runtimeClasspath
io.micronaut.rabbitmq:micronaut-rabbitmq-bom:3.4.1=console,runtimeClasspath
io.micronaut.reactor:micronaut-reactor-bom:2.5.0=console,runtimeClasspath
io.micronaut.redis:micronaut-redis-bom:5.3.2=console,runtimeClasspath
io.micronaut.rxjava2:micronaut-rxjava2-bom:1.3.0=console,runtimeClasspath
io.micronaut.rxjava3:micronaut-rxjava3-bom:2.4.0=console,runtimeClasspath
io.micronaut.security:micronaut-security-bom:3.9.2=console,runtimeClasspath
io.micronaut.serde:micronaut-serde-bom:1.5.0=console,runtimeClasspath
io.micronaut.servlet:micronaut-servlet-bom:3.3.5=console,runtimeClasspath
io.micronaut.spring:micronaut-spring-bom:4.4.0=console,runtimeClasspath
io.micronaut.spring:micronaut-spring-context:4.5.0=console,runtimeClasspath
io.micronaut.spring:micronaut-spring:4.5.0=console,runtimeClasspath
io.micronaut.sql:micronaut-sql-bom:4.7.2=console,runtimeClasspath
io.micronaut.test:micronaut-test-bom:3.8.2=console,runtimeClasspath
io.micronaut.testresources:micronaut-test-resources-bom:1.2.3=console,runtimeClasspath
io.micronaut.tracing:micronaut-tracing-bom:4.4.1=console,runtimeClasspath
io.micronaut.views:micronaut-views-bom:3.8.1=console,runtimeClasspath
io.micronaut:micronaut-aop:3.8.5=console,developmentOnly,runtimeClasspath
io.micronaut:micronaut-bom:3.8.5=console,runtimeClasspath
io.micronaut:micronaut-context:3.8.5=console,runtimeClasspath
io.micronaut:micronaut-core-reactive:3.8.5=console,runtimeClasspath
io.micronaut:micronaut-core:3.8.5=console,developmentOnly,runtimeClasspath
io.micronaut:micronaut-http:3.8.5=console,runtimeClasspath
io.micronaut:micronaut-inject-groovy:3.8.8=developmentOnly,runtimeClasspath
io.micronaut:micronaut-inject:3.8.5=console,developmentOnly,runtimeClasspath
io.micronaut:micronaut-jackson-core:3.8.5=console,runtimeClasspath
io.micronaut:micronaut-jackson-databind:3.8.5=console,runtimeClasspath
io.micronaut:micronaut-json-core:3.8.5=console,runtimeClasspath
io.micronaut:micronaut-runtime:3.8.5=console,runtimeClasspath
io.nats:jnats:2.19.1=runtimeClasspath
io.netty:netty-bom:4.1.111.Final=console,runtimeClasspath
io.netty:netty-buffer:4.1.111.Final=runtimeClasspath
io.netty:netty-codec-dns:4.1.111.Final=runtimeClasspath
io.netty:netty-codec-http2:4.1.111.Final=runtimeClasspath
io.netty:netty-codec-http:4.1.111.Final=runtimeClasspath
io.netty:netty-codec-socks:4.1.111.Final=runtimeClasspath
io.netty:netty-codec:4.1.111.Final=runtimeClasspath
io.netty:netty-common:4.1.111.Final=runtimeClasspath
io.netty:netty-handler-proxy:4.1.111.Final=runtimeClasspath
io.netty:netty-handler:4.1.111.Final=runtimeClasspath
io.netty:netty-resolver-dns-classes-macos:4.1.111.Final=runtimeClasspath
io.netty:netty-resolver-dns-native-macos:4.1.111.Final=runtimeClasspath
io.netty:netty-resolver-dns:4.1.111.Final=runtimeClasspath
io.netty:netty-resolver:4.1.111.Final=runtimeClasspath
io.netty:netty-transport-classes-epoll:4.1.111.Final=runtimeClasspath
io.netty:netty-transport-native-epoll:4.1.111.Final=runtimeClasspath
io.netty:netty-transport-native-unix-common:4.1.111.Final=runtimeClasspath
io.netty:netty-transport:4.1.111.Final=runtimeClasspath
io.opencensus:opencensus-api:0.31.1=runtimeClasspath
io.opencensus:opencensus-contrib-http-util:0.31.1=runtimeClasspath
io.opentelemetry.instrumentation:opentelemetry-instrumentation-bom-alpha:1.15.0-alpha=console,runtimeClasspath
io.opentelemetry:opentelemetry-bom-alpha:1.15.0-alpha=console,runtimeClasspath
io.opentelemetry:opentelemetry-bom:1.18.0=console,runtimeClasspath
io.projectreactor:reactor-core:3.4.28=console,runtimeClasspath
io.prometheus:prometheus-metrics-config:1.2.1=runtimeClasspath
io.prometheus:prometheus-metrics-core:1.2.1=runtimeClasspath
io.prometheus:prometheus-metrics-exposition-formats:1.2.1=runtimeClasspath
io.prometheus:prometheus-metrics-model:1.2.1=runtimeClasspath
io.prometheus:prometheus-metrics-shaded-protobuf:1.2.1=runtimeClasspath
io.prometheus:prometheus-metrics-tracer-common:1.2.1=runtimeClasspath
io.ratpack:ratpack-base:1.9.0=runtimeClasspath
io.ratpack:ratpack-core:1.9.0=runtimeClasspath
io.ratpack:ratpack-exec:1.9.0=runtimeClasspath
io.ratpack:ratpack-guice:1.9.0=runtimeClasspath
io.ratpack:ratpack-rx:1.9.0=runtimeClasspath
io.ratpack:ratpack-spring-boot:1.9.0=runtimeClasspath
io.reactivex:rxjava-reactive-streams:1.2.1=runtimeClasspath
io.reactivex:rxjava:1.3.8=runtimeClasspath
io.rest-assured:rest-assured-bom:5.3.0=console,runtimeClasspath
io.tradeledger:java-nats-streaming:2.3.0=runtimeClasspath
io.tradeledger:tl-platform2:2.25.0=runtimeClasspath
io.tradeledger:tl-sharedlib-common:2.9.6=runtimeClasspath
io.tradeledger:tl-sharedlib-component-api-clients:2.12.27=runtimeClasspath
io.tradeledger:tl-sharedlib-config-distributor-client:2.4.199=runtimeClasspath
io.tradeledger:tl-sharedlib-events:2.4.14=runtimeClasspath
io.tradeledger:tl-sharedlib-messaging:2.4.52=runtimeClasspath
io.vavr:vavr-match:0.10.4=runtimeClasspath
io.vavr:vavr:0.10.4=runtimeClasspath
jakarta.annotation:jakarta.annotation-api:2.0.0=console,developmentOnly,runtimeClasspath
jakarta.inject:jakarta.inject-api:2.0.1=console,developmentOnly,runtimeClasspath
jakarta.validation:jakarta.validation-api:2.0.2=runtimeClasspath
javax.activation:activation:1.1.1=runtimeClasspath
javax.activation:javax.activation-api:1.2.0=runtimeClasspath
javax.annotation:javax.annotation-api:1.3.2=console,developmentOnly,runtimeClasspath
javax.el:javax.el-api:3.0.0=runtimeClasspath
javax.inject:javax.inject:1=console,runtimeClasspath
javax.mail:mail:1.4.4=runtimeClasspath
javax.persistence:javax.persistence-api:2.2=console,runtimeClasspath
javax.servlet:javax.servlet-api:4.0.1=console,runtimeClasspath
javax.transaction:jta:1.1=console,runtimeClasspath
javax.validation:validation-api:2.0.1.Final=console,runtimeClasspath
javax.xml.bind:jaxb-api:2.3.1=runtimeClasspath
jline:jline:2.14.6=console,runtimeClasspath
joda-time:joda-time:2.8.1=runtimeClasspath
junit:junit:4.13.2=runtimeClasspath
net.i2p.crypto:eddsa:0.3.0=runtimeClasspath
net.java.dev.jna:jna:5.13.0=console
net.logstash.logback:logstash-logback-encoder:7.3=runtimeClasspath
opensymphony:sitemesh:2.4.2=runtimeClasspath
org.apache-extras.beanshell:bsh:2.0b6=runtimeClasspath
org.apache.ant:ant-antlr:1.10.12=runtimeClasspath
org.apache.ant:ant-junit:1.10.12=runtimeClasspath
org.apache.ant:ant-launcher:1.10.13=console,runtimeClasspath
org.apache.ant:ant:1.10.13=console,runtimeClasspath
org.apache.commons:commons-collections4:4.5.0-M1=runtimeClasspath
org.apache.commons:commons-lang3:3.14.0=runtimeClasspath
org.apache.commons:commons-text:1.10.0=runtimeClasspath
org.apache.httpcomponents.client5:httpclient5:5.1.4=runtimeClasspath
org.apache.httpcomponents.core5:httpcore5-h2:5.1.5=runtimeClasspath
org.apache.httpcomponents.core5:httpcore5:5.1.5=runtimeClasspath
org.apache.httpcomponents:httpclient:4.5.14=runtimeClasspath
org.apache.httpcomponents:httpcore:4.4.16=runtimeClasspath
org.apache.logging.log4j:log4j-api:2.17.2=runtimeClasspath
org.apache.logging.log4j:log4j-bom:2.19.0=console,runtimeClasspath
org.apache.logging.log4j:log4j-to-slf4j:2.17.2=runtimeClasspath
org.apache.maven:maven-artifact:3.6.3=runtimeClasspath
org.apache.tomcat.embed:tomcat-embed-core:9.0.73=runtimeClasspath
org.apache.tomcat.embed:tomcat-embed-el:9.0.73=runtimeClasspath
org.apache.tomcat.embed:tomcat-embed-websocket:9.0.73=runtimeClasspath
org.apache.xmlgraphics:batik-constants:1.17=runtimeClasspath
org.apache.xmlgraphics:batik-css:1.17=runtimeClasspath
org.apache.xmlgraphics:batik-i18n:1.17=runtimeClasspath
org.apache.xmlgraphics:batik-shared-resources:1.17=runtimeClasspath
org.apache.xmlgraphics:batik-util:1.17=runtimeClasspath
org.apache.xmlgraphics:xmlgraphics-commons:2.9=runtimeClasspath
org.bouncycastle:bcmail-jdk14:1.64=runtimeClasspath
org.bouncycastle:bcpkix-jdk14:1.64=runtimeClasspath
org.bouncycastle:bcprov-jdk14:1.64=runtimeClasspath
org.bouncycastle:bctsp-jdk14:1.46=runtimeClasspath
org.checkerframework:checker-qual:3.19.0=console
org.checkerframework:checker-qual:3.42.0=runtimeClasspath
org.codehaus.gpars:gpars:1.2.1=runtimeClasspath
org.codehaus.groovy:groovy-all:3.0.13=runtimeClasspath
org.codehaus.groovy:groovy-ant:3.0.13=runtimeClasspath
org.codehaus.groovy:groovy-astbuilder:3.0.13=runtimeClasspath
org.codehaus.groovy:groovy-bom:3.0.13=console,runtimeClasspath
org.codehaus.groovy:groovy-cli-picocli:3.0.13=runtimeClasspath
org.codehaus.groovy:groovy-console:3.0.13=console,runtimeClasspath
org.codehaus.groovy:groovy-datetime:3.0.13=runtimeClasspath
org.codehaus.groovy:groovy-dateutil:3.0.13=runtimeClasspath
org.codehaus.groovy:groovy-docgenerator:3.0.13=runtimeClasspath
org.codehaus.groovy:groovy-groovydoc:3.0.13=runtimeClasspath
org.codehaus.groovy:groovy-groovysh:3.0.13=console,runtimeClasspath
org.codehaus.groovy:groovy-jmx:3.0.13=runtimeClasspath
org.codehaus.groovy:groovy-json:3.0.13=runtimeClasspath
org.codehaus.groovy:groovy-jsr223:3.0.13=runtimeClasspath
org.codehaus.groovy:groovy-macro:3.0.13=runtimeClasspath
org.codehaus.groovy:groovy-nio:3.0.13=runtimeClasspath
org.codehaus.groovy:groovy-servlet:3.0.13=runtimeClasspath
org.codehaus.groovy:groovy-sql:3.0.13=runtimeClasspath
org.codehaus.groovy:groovy-swing:3.0.13=console,runtimeClasspath
org.codehaus.groovy:groovy-templates:3.0.13=console,runtimeClasspath
org.codehaus.groovy:groovy-test-junit5:3.0.13=runtimeClasspath
org.codehaus.groovy:groovy-test:3.0.13=runtimeClasspath
org.codehaus.groovy:groovy-testng:3.0.13=runtimeClasspath
org.codehaus.groovy:groovy-xml:3.0.13=console,runtimeClasspath
org.codehaus.groovy:groovy:3.0.13=console,developmentOnly,runtimeClasspath
org.codehaus.jsr166-mirror:jsr166y:1.7.0=runtimeClasspath
org.codehaus.plexus:plexus-utils:3.2.1=runtimeClasspath
org.fusesource.jansi:jansi:1.18=console,runtimeClasspath
org.glassfish:javax.el:3.0.1-b12=runtimeClasspath
org.grails.plugins:async:4.0.0=runtimeClasspath
org.grails.plugins:aws-sdk-s3:2.4.8=runtimeClasspath
org.grails.plugins:aws-sdk-ses:2.4.8=runtimeClasspath
org.grails.plugins:cache:5.0.1=runtimeClasspath
org.grails.plugins:converters:4.0.0=runtimeClasspath
org.grails.plugins:events:4.0.0=runtimeClasspath
org.grails.plugins:gsp:5.2.2=runtimeClasspath
org.grails.plugins:quartz:2.0.13=runtimeClasspath
org.grails.plugins:rendering:2.0.3=runtimeClasspath
org.grails.plugins:spring-security-core:5.3.0=runtimeClasspath
org.grails.plugins:spring-security-rest:2.0.0.M2=runtimeClasspath
org.grails:grails-async:4.0.0=runtimeClasspath
org.grails:grails-bootstrap:5.3.6=console,runtimeClasspath
org.grails:grails-codecs:5.3.6=runtimeClasspath
org.grails:grails-console:5.3.6=console
org.grails:grails-core:5.3.6=console,runtimeClasspath
org.grails:grails-databinding:5.3.6=runtimeClasspath
org.grails:grails-datastore-core:7.3.2=console,runtimeClasspath
org.grails:grails-datastore-gorm-support:7.3.2=runtimeClasspath
org.grails:grails-datastore-gorm-validation:7.3.2=runtimeClasspath
org.grails:grails-datastore-gorm:7.3.2=runtimeClasspath
org.grails:grails-datastore-rest-client:6.1.12.RELEASE=runtimeClasspath
org.grails:grails-dependencies:5.3.6=runtimeClasspath
org.grails:grails-encoder:5.3.6=runtimeClasspath
org.grails:grails-events-compat:4.0.0=runtimeClasspath
org.grails:grails-events-transform:4.0.0=runtimeClasspath
org.grails:grails-events:4.0.0=runtimeClasspath
org.grails:grails-gsp:5.2.2=runtimeClasspath
org.grails:grails-logging:5.3.6=runtimeClasspath
org.grails:grails-plugin-codecs:5.3.6=runtimeClasspath
org.grails:grails-plugin-controllers:5.3.6=runtimeClasspath
org.grails:grails-plugin-converters:3.2.11=runtimeClasspath
org.grails:grails-plugin-databinding:5.3.6=runtimeClasspath
org.grails:grails-plugin-datasource:5.3.6=runtimeClasspath
org.grails:grails-plugin-domain-class:5.3.6=runtimeClasspath
org.grails:grails-plugin-i18n:5.3.6=runtimeClasspath
org.grails:grails-plugin-interceptors:5.3.6=runtimeClasspath
org.grails:grails-plugin-mimetypes:5.3.6=runtimeClasspath
org.grails:grails-plugin-rest:5.3.6=runtimeClasspath
org.grails:grails-plugin-services:5.3.6=runtimeClasspath
org.grails:grails-plugin-url-mappings:5.3.6=runtimeClasspath
org.grails:grails-plugin-validation:5.3.6=runtimeClasspath
org.grails:grails-spring:5.3.6=console,runtimeClasspath
org.grails:grails-taglib:5.2.2=runtimeClasspath
org.grails:grails-web-boot:5.3.6=runtimeClasspath
org.grails:grails-web-common:5.3.6=runtimeClasspath
org.grails:grails-web-databinding:5.3.6=runtimeClasspath
org.grails:grails-web-fileupload:5.3.6=runtimeClasspath
org.grails:grails-web-gsp-taglib:5.2.2=runtimeClasspath
org.grails:grails-web-gsp:5.2.2=runtimeClasspath
org.grails:grails-web-jsp:5.2.2=runtimeClasspath
org.grails:grails-web-mvc:5.3.6=runtimeClasspath
org.grails:grails-web-sitemesh:5.2.2=runtimeClasspath
org.grails:grails-web-taglib:5.2.2=runtimeClasspath
org.grails:grails-web-url-mappings:5.3.6=runtimeClasspath
org.grails:grails-web:5.3.6=runtimeClasspath
org.hamcrest:hamcrest-core:2.2=runtimeClasspath
org.hamcrest:hamcrest:2.2=runtimeClasspath
org.hdrhistogram:HdrHistogram:2.2.2=runtimeClasspath
org.hibernate.validator:hibernate-validator:6.2.5.Final=runtimeClasspath
org.htmlunit:neko-htmlunit:3.11.1=runtimeClasspath
org.jasig.cas.client:cas-client-core:3.4.1=runtimeClasspath
org.jasig.cas.client:cas-client-support-saml:3.4.1=runtimeClasspath
org.javassist:javassist:3.29.0-GA=console,runtimeClasspath
org.jboss.logging:jboss-logging:3.4.3.Final=runtimeClasspath
org.jdbi:jdbi3-bom:3.30.0=console,runtimeClasspath
org.jetbrains.kotlin:kotlin-bom:1.6.21=console,runtimeClasspath
org.jetbrains.kotlin:kotlin-reflect:1.6.21=runtimeClasspath
org.jetbrains.kotlin:kotlin-stdlib-common:1.6.21=runtimeClasspath
org.jetbrains.kotlin:kotlin-stdlib-jdk7:1.6.21=runtimeClasspath
org.jetbrains.kotlin:kotlin-stdlib-jdk8:1.6.21=runtimeClasspath
org.jetbrains.kotlin:kotlin-stdlib:1.6.21=runtimeClasspath
org.jetbrains.kotlinx:kotlinx-coroutines-bom:1.5.1=console,runtimeClasspath
org.jetbrains:annotations:24.0.1=runtimeClasspath
org.junit.jupiter:junit-jupiter-api:5.8.2=runtimeClasspath
org.junit.jupiter:junit-jupiter-engine:5.8.2=runtimeClasspath
org.junit.platform:junit-platform-commons:1.8.2=runtimeClasspath
org.junit.platform:junit-platform-engine:1.8.2=runtimeClasspath
org.junit.platform:junit-platform-launcher:1.8.2=runtimeClasspath
org.junit:junit-bom:5.9.2=console,runtimeClasspath
org.latencyutils:LatencyUtils:2.0.3=runtimeClasspath
org.mongodb:bson:4.6.1=runtimeClasspath
org.mongodb:mongodb-driver-core:4.5.0=runtimeClasspath
org.mongodb:mongodb-driver-sync:4.5.0=runtimeClasspath
org.multiverse:multiverse-core:0.7.0=runtimeClasspath
org.opentest4j:opentest4j:1.2.0=runtimeClasspath
org.owasp.antisamy:antisamy:1.7.5=runtimeClasspath
org.owasp.esapi:esapi:2.5.4.0=runtimeClasspath
org.pac4j:pac4j-cas:1.8.3=runtimeClasspath
org.pac4j:pac4j-core:1.8.3=runtimeClasspath
org.pac4j:pac4j-oauth:1.8.3=runtimeClasspath
org.quartz-scheduler:quartz:2.4.0-rc2=runtimeClasspath
org.reactivestreams:reactive-streams:1.0.4=console,runtimeClasspath
org.reflections:reflections:0.10.2=runtimeClasspath
org.scribe:scribe:1.3.6=runtimeClasspath
org.slf4j:jcl-over-slf4j:1.7.36=console,runtimeClasspath
org.slf4j:jul-to-slf4j:1.7.36=runtimeClasspath
org.slf4j:log4j-over-slf4j:1.7.36=runtimeClasspath
org.slf4j:slf4j-api:1.7.36=console,developmentOnly,runtimeClasspath
org.spockframework:spock-bom:2.1-groovy-3.0=console,runtimeClasspath
org.springframework.boot:spring-boot-actuator-autoconfigure:2.7.10=runtimeClasspath
org.springframework.boot:spring-boot-actuator:2.7.10=runtimeClasspath
org.springframework.boot:spring-boot-autoconfigure:2.7.10=runtimeClasspath
org.springframework.boot:spring-boot-starter-actuator:2.7.10=runtimeClasspath
org.springframework.boot:spring-boot-starter-data-redis:2.7.10=runtimeClasspath
org.springframework.boot:spring-boot-starter-log4j2:2.7.10=runtimeClasspath
org.springframework.boot:spring-boot-starter-logging:2.7.10=runtimeClasspath
org.springframework.boot:spring-boot-starter-tomcat:2.7.10=runtimeClasspath
org.springframework.boot:spring-boot-starter:2.7.10=runtimeClasspath
org.springframework.boot:spring-boot:2.7.10=console,runtimeClasspath
org.springframework.data:spring-data-commons:2.7.10=runtimeClasspath
org.springframework.data:spring-data-keyvalue:2.7.10=runtimeClasspath
org.springframework.data:spring-data-mongodb:3.4.10=runtimeClasspath
org.springframework.data:spring-data-redis:2.7.10=runtimeClasspath
org.springframework.security:spring-security-core:5.7.7=runtimeClasspath
org.springframework.security:spring-security-crypto:5.7.7=runtimeClasspath
org.springframework.security:spring-security-web:5.7.7=runtimeClasspath
org.springframework:spring-aop:5.3.27=console,runtimeClasspath
org.springframework:spring-beans:5.3.27=console,runtimeClasspath
org.springframework:spring-context-support:5.3.27=runtimeClasspath
org.springframework:spring-context:5.3.27=console,runtimeClasspath
org.springframework:spring-core:5.3.27=console,runtimeClasspath
org.springframework:spring-expression:5.3.27=console,runtimeClasspath
org.springframework:spring-framework-bom:5.3.27=console,runtimeClasspath
org.springframework:spring-jcl:5.3.27=console,runtimeClasspath
org.springframework:spring-jdbc:5.3.27=runtimeClasspath
org.springframework:spring-oxm:5.3.27=runtimeClasspath
org.springframework:spring-test:5.3.27=console,runtimeClasspath
org.springframework:spring-tx:5.3.27=console,runtimeClasspath
org.springframework:spring-web:5.3.27=console,runtimeClasspath
org.springframework:spring-webmvc:5.3.27=runtimeClasspath
org.testcontainers:testcontainers-bom:1.17.6=console,runtimeClasspath
org.testng:testng:7.5=runtimeClasspath
org.tukaani:xz:1.6=runtimeClasspath
org.webjars:jquery:3.5.1=runtimeClasspath
org.xhtmlrenderer:core-renderer:R8=runtimeClasspath
org.xhtmlrenderer:flying-saucer-core:9.7.2=runtimeClasspath
org.yaml:snakeyaml:1.33=console,developmentOnly,runtimeClasspath
org.ysb33r.gradle:grolifant:0.11=runtimeClasspath
software.amazon.awssdk:annotations:2.26.20=runtimeClasspath
software.amazon.awssdk:apache-client:2.26.20=runtimeClasspath
software.amazon.awssdk:arns:2.26.20=runtimeClasspath
software.amazon.awssdk:auth:2.26.20=runtimeClasspath
software.amazon.awssdk:aws-core:2.26.20=runtimeClasspath
software.amazon.awssdk:aws-query-protocol:2.26.20=runtimeClasspath
software.amazon.awssdk:aws-xml-protocol:2.26.20=runtimeClasspath
software.amazon.awssdk:bom:2.19.14=console,runtimeClasspath
software.amazon.awssdk:checksums-spi:2.26.20=runtimeClasspath
software.amazon.awssdk:checksums:2.26.20=runtimeClasspath
software.amazon.awssdk:crt-core:2.26.20=runtimeClasspath
software.amazon.awssdk:endpoints-spi:2.26.20=runtimeClasspath
software.amazon.awssdk:http-auth-aws:2.26.20=runtimeClasspath
software.amazon.awssdk:http-auth-spi:2.26.20=runtimeClasspath
software.amazon.awssdk:http-auth:2.26.20=runtimeClasspath
software.amazon.awssdk:http-client-spi:2.26.20=runtimeClasspath
software.amazon.awssdk:identity-spi:2.26.20=runtimeClasspath
software.amazon.awssdk:json-utils:2.26.20=runtimeClasspath
software.amazon.awssdk:metrics-spi:2.26.20=runtimeClasspath
software.amazon.awssdk:netty-nio-client:2.26.20=runtimeClasspath
software.amazon.awssdk:profiles:2.26.20=runtimeClasspath
software.amazon.awssdk:protocol-core:2.26.20=runtimeClasspath
software.amazon.awssdk:regions:2.26.20=runtimeClasspath
software.amazon.awssdk:retries-spi:2.26.20=runtimeClasspath
software.amazon.awssdk:retries:2.26.20=runtimeClasspath
software.amazon.awssdk:s3:2.26.20=runtimeClasspath
software.amazon.awssdk:sdk-core:2.26.20=runtimeClasspath
software.amazon.awssdk:sts:2.26.20=runtimeClasspath
software.amazon.awssdk:third-party-jackson-core:2.26.20=runtimeClasspath
software.amazon.awssdk:utils:2.26.20=runtimeClasspath
software.amazon.eventstream:eventstream:1.0.1=runtimeClasspath
xerces:xercesImpl:2.12.2=runtimeClasspath
xml-apis:xml-apis-ext:1.3.04=runtimeClasspath
xml-apis:xml-apis:1.4.01=runtimeClasspath
xom:xom:1.3.9=runtimeClasspath
empty=agent
